<?xml version="1.0" encoding="utf-8"?>
<Project ToolsVersion="4.0" xmlns="http://schemas.microsoft.com/developer/msbuild/2003">
  <ItemGroup>
    <ClCompile Include="CodeStatement.cpp" />
    <ClCompile Include="ObjectOperator.cpp" />
    <ClCompile Include="TBlankNode.cpp" />
    <ClCompile Include="TLinkedList.cpp" />
    <ClCompile Include="TSliceManager.cpp" />
    <ClCompile Include="TStringSlice.cpp" />
    <ClCompile Include="TThread.cpp" />
    <ClCompile Include="TVariable.cpp" />
    <ClCompile Include="TcBashInterpretor.cpp" />
    <ClCompile Include="TcInterpretor.cpp" />
    <ClCompile Include="TEnvironment.cpp" />
    <ClCompile Include="Animation.cpp" />
    <ClCompile Include="Configuration.cpp" />
    <ClCompile Include="DirectoryInterface.cpp" />
    <ClCompile Include="dllmain.cpp" />
    <ClCompile Include="Dragable.cpp" />
    <ClCompile Include="Logger.cpp" />
    <ClCompile Include="ParseReader_.cpp" />
    <ClCompile Include="Parser_.cpp" />
    <ClCompile Include="PathConfiguration.cpp" />
    <ClCompile Include="pch.cpp" />
    <ClCompile Include="TArrayBase.cpp" />
    <ClCompile Include="TClientSocket.cpp" />
    <ClCompile Include="TDataArrayBase.cpp" />
    <ClCompile Include="TDirectory.cpp" />
    <ClCompile Include="TFile.cpp" />
    <ClCompile Include="TFileNode.cpp" />
    <ClCompile Include="TFileShell.cpp" />
    <ClCompile Include="TMapBase.cpp" />
    <ClCompile Include="TML_Reader_.cpp" />
    <ClCompile Include="TObject.cpp" />
    <ClCompile Include="TObjectNode.cpp" />
    <ClCompile Include="TPoint.cpp" />
    <ClCompile Include="TrecLib.cpp" />
    <ClCompile Include="TrecReference.cpp" />
    <ClCompile Include="TServerSocket.cpp" />
    <ClCompile Include="TSocket.cpp" />
    <ClCompile Include="TShell.cpp" />
    <ClCompile Include="TString.cpp" />
  </ItemGroup>
  <ItemGroup>
    <ClInclude Include="CodeStatement.h" />
    <ClInclude Include="ObjectOperator.h" />
    <ClInclude Include="TBlankNode.h" />
    <ClInclude Include="TcBashInterpretor.h" />
    <ClInclude Include="TcInterpretor.h" />
    <ClInclude Include="TDataMap.h" />
    <ClInclude Include="TLinkedList.h" />
    <ClInclude Include="TSliceManager.h" />
    <ClInclude Include="TStringSlice.h" />
    <ClInclude Include="TEnvironment.h" />
    <ClInclude Include="AnagameDef.h" />
    <ClInclude Include="Animation.h" />
    <ClInclude Include="Configuration.h" />
    <ClInclude Include="DirectoryInterface.h" />
    <ClInclude Include="Dragable.h" />
    <ClInclude Include="framework.h" />
    <ClInclude Include="Logger.h" />
    <ClInclude Include="ParseReader_.h" />
    <ClInclude Include="Parser_.h" />
    <ClInclude Include="PathConfiguration.h" />
    <ClInclude Include="pch.h" />
    <ClInclude Include="TArray.h" />
    <ClInclude Include="TArrayBase.h" />
    <ClInclude Include="TClientSocket.h" />
    <ClInclude Include="TDataArray.h" />
    <ClInclude Include="TDataArrayBase.h" />
    <ClInclude Include="TDirectory.h" />
    <ClInclude Include="TFile.h" />
    <ClInclude Include="TFileNode.h" />
    <ClInclude Include="TFileShell.h" />
    <ClInclude Include="TMap.h" />
    <ClInclude Include="TMapBase.h" />
    <ClInclude Include="TML_Reader_.h" />
    <ClInclude Include="TObject.h" />
    <ClInclude Include="TObjectNode.h" />
    <ClInclude Include="TPoint.h" />
    <ClInclude Include="TrecLib.h" />
    <ClInclude Include="TrecReference.h" />
    <ClInclude Include="TServerSocket.h" />
    <ClInclude Include="TSocket.h" />
    <ClInclude Include="TShell.h" />
    <ClInclude Include="TString.h" />
    <ClInclude Include="TTrecPointerArray.h" />
    <ClInclude Include="TTrecSoftPointerArray.h" />
    <ClInclude Include="TVariable.h" />
  </ItemGroup>
</Project>