<?xml version="1.0" encoding="utf-8"?>
<Project ToolsVersion="4.0" xmlns="http://schemas.microsoft.com/developer/msbuild/2003">
  <ItemGroup>
    <ClCompile Include="ArenaModel.cpp" />
    <ClCompile Include="dllmain.cpp" />
    <ClCompile Include="DrawingBoard.cpp" />
    <ClCompile Include="pch.cpp" />
    <ClCompile Include="T2DSpriteEngine.cpp" />
    <ClCompile Include="T3DModelParser.cpp" />
    <ClCompile Include="TActivate.cpp" />
    <ClCompile Include="TArenaEngine.cpp" />
    <ClCompile Include="TBitmapBrush.cpp" />
    <ClCompile Include="TBrush.cpp" />
    <ClCompile Include="TCamera.cpp" />
    <ClCompile Include="TColor.cpp" />
    <ClCompile Include="TComplexTextElement.cpp" />
    <ClCompile Include="TFrameToSurfaceMFT.cpp" />
    <ClCompile Include="TGeometry.cpp" />
    <ClCompile Include="TGradientStop.cpp" />
    <ClCompile Include="TGradientStopCollection.cpp" />
    <ClCompile Include="TInputTextElement.cpp" />
    <ClCompile Include="TMediaSink.cpp" />
    <ClCompile Include="TObjModelParser.cpp" />
    <ClCompile Include="TPage.cpp" />
    <ClCompile Include="TPlayer.cpp" />
    <ClCompile Include="TPresenter.cpp" />
    <ClCompile Include="TSampleTexture.cpp" />
    <ClCompile Include="TScheduler.cpp" />
    <ClCompile Include="TShaderHost.cpp" />
    <ClCompile Include="TShaderParser.cpp" />
    <ClCompile Include="TStreamSink.cpp" />
    <ClCompile Include="TTextElement.cpp" />
    <ClCompile Include="TTextIntercepter.cpp" />
    <ClCompile Include="TTextRenderer.cpp" />
    <ClCompile Include="TVideoMarker.cpp" />
    <ClCompile Include="TVideoScheduler.cpp" />
    <ClCompile Include="TWindowEngine.cpp" />
    <ClCompile Include="TScrollerPage.cpp" />
  </ItemGroup>
  <ItemGroup>
    <ClInclude Include="ArenaModel.h" />
    <ClInclude Include="DrawingBoard.h" />
    <ClInclude Include="framework.h" />
    <ClInclude Include="pch.h" />
    <ClInclude Include="Structure2D.h" />
    <ClInclude Include="T2DSpriteEngine.h" />
    <ClInclude Include="T3DModelParser.h" />
    <ClInclude Include="TActivate.h" />
    <ClInclude Include="TArenaEngine.h" />
    <ClInclude Include="TBitmapBrush.h" />
    <ClInclude Include="TBrush.h" />
    <ClInclude Include="TCamera.h" />
    <ClInclude Include="TColor.h" />
    <ClInclude Include="TComCommon.h" />
    <ClInclude Include="TComplexTextElement.h" />
    <ClInclude Include="TFrameToSurfaceMFT.h" />
    <ClInclude Include="TGeometry.h" />
    <ClInclude Include="TGradientStop.h" />
    <ClInclude Include="TGradientStopCollection.h" />
    <ClInclude Include="TInputTextElement.h" />
    <ClInclude Include="TMediaSink.h" />
    <ClInclude Include="TObjModelParser.h" />
    <ClInclude Include="TPage.h" />
    <ClInclude Include="TPlayer.h" />
    <ClInclude Include="TPresenter.h" />
    <ClInclude Include="TSampleTexture.h" />
    <ClInclude Include="TScheduler.h" />
    <ClInclude Include="TShaderHost.h" />
    <ClInclude Include="TShaderParser.h" />
    <ClInclude Include="TStreamSink.h" />
    <ClInclude Include="TTextElement.h" />
    <ClInclude Include="TTextIntercepter.h" />
    <ClInclude Include="TTextRenderer.h" />
    <ClInclude Include="TVideoMarker.h" />
    <ClInclude Include="TVideoScheduler.h" />
    <ClInclude Include="TWindowEngine.h" />
    <ClInclude Include="TScrollerPage.h" />
  </ItemGroup>
</Project>